
Microsoft Visual Studio Solution File, Format Version 12.00
# Visual Studio 14
VisualStudioVersion = 14.0.24720.0
MinimumVisualStudioVersion = 10.0.40219.1
Project("{FAE04EC0-301F-11D3-BF4B-00C04F79EFBC}") = "PowerConnector", "PowerConnector\PowerConnector.csproj", "{53A71D0C-9B0E-480C-B754-D5B2120658DC}"
EndProject
Global
	GlobalSection(SolutionConfigurationPlatforms) = preSolution
		Debug|Any CPU = Debug|Any CPU
		Release|Any CPU = Release|Any CPU
	EndGlobalSection
	GlobalSection(ProjectConfigurationPlatforms) = postSolution
		{53A71D0C-9B0E-480C-B754-D5B2120658DC}.Debug|Any CPU.ActiveCfg = Debug|Any CPU
		{53A71D0C-9B0E-480C-B754-D5B2120658DC}.Debug|Any CPU.Build.0 = Debug|Any CPU
		{53A71D0C-9B0E-480C-B754-D5B2120658DC}.Release|Any CPU.ActiveCfg = Release|Any CPU
		{53A71D0C-9B0E-480C-B754-D5B2120658DC}.Release|Any CPU.Build.0 = Release|Any CPU
	EndGlobalSection
	GlobalSection(SolutionProperties) = preSolution
		HideSolutionNode = FALSE
	EndGlobalSection
EndGlobal
